// !$*UTF8*$!
{
	archiveVersion = 1;
	classes = {
	};
	objectVersion = 63;
	objects = {

/* Begin PBXBuildFile section */
		1505DDB62F602AAC008566CB /* CreditLinkView.swift in Sources */ = {isa = PBXBuildFile; fileRef = 1505DDB52F602AAC008566CB /* CreditLinkView.swift */; };
		1505DDBD2F617D6B008566CB /* MenuBarStandardView.swift in Sources */ = {isa = PBXBuildFile; fileRef = 1505DDBC2F617D6B008566CB /* MenuBarStandardView.swift */; };
		1505DDBF2F617DC7008566CB /* MenuBarActivityView.swift in Sources */ = {isa = PBXBuildFile; fileRef = 1505DDBE2F617DC7008566CB /* MenuBarActivityView.swift */; };
		1505DDC32F61AF5C008566CB /* GroupContainer.swift in Sources */ = {isa = PBXBuildFile; fileRef = 1505DDC22F61AF5C008566CB /* GroupContainer.swift */; };
		150A51072ED45D6C004A0A78 /* media-remote.js in CopyFiles */ = {isa = PBXBuildFile; fileRef = 150A51062ED45D6C004A0A78 /* media-remote.js */; };
		150A51102EDEF4F0004A0A78 /* String+LocalizedEnglishFallback.swift in Sources */ = {isa = PBXBuildFile; fileRef = 150A510F2EDEF4E2004A0A78 /* String+LocalizedEnglishFallback.swift */; };
		1515D7C32F20D7C5009109B5 /* ActivityPreviewDetailsView.swift in Sources */ = {isa = PBXBuildFile; fileRef = 1515D7C22F20D7BE009109B5 /* ActivityPreviewDetailsView.swift */; };
		1515D7C52F20D871009109B5 /* ActivityPreviewDetailsProgressView.swift in Sources */ = {isa = PBXBuildFile; fileRef = 1515D7C42F20D86B009109B5 /* ActivityPreviewDetailsProgressView.swift */; };
		1515D7CD2F20D89F009109B5 /* ActivityPreviewDetailsCoverView.swift in Sources */ = {isa = PBXBuildFile; fileRef = 1515D7CC2F20D89F009109B5 /* ActivityPreviewDetailsCoverView.swift */; };
		1515D7D22F20DA50009109B5 /* Sparkle in Frameworks */ = {isa = PBXBuildFile; productRef = 1515D7D12F20DA50009109B5 /* Sparkle */; };
		1530A8EA2ECF29B1002EAC39 /* View+ReverseMask.swift in Sources */ = {isa = PBXBuildFile; fileRef = 1530A8E92ECF29AA002EAC39 /* View+ReverseMask.swift */; };
		153493032F5F0F6D003B34EB /* Toggle+PreferencesStyle.swift in Sources */ = {isa = PBXBuildFile; fileRef = 153493022F5F0F6D003B34EB /* Toggle+PreferencesStyle.swift */; };
		153493052F5F1285003B34EB /* Text+PreferencesDescriptionStyle.swift in Sources */ = {isa = PBXBuildFile; fileRef = 153493042F5F1285003B34EB /* Text+PreferencesDescriptionStyle.swift */; };
		155878252DCB6E3000CA29AC /* EncoreCore in Frameworks */ = {isa = PBXBuildFile; productRef = 155878242DCB6E3000CA29AC /* EncoreCore */; };
		1558782A2DCB71AB00CA29AC /* MenuBarView.swift in Sources */ = {isa = PBXBuildFile; fileRef = 155878292DCB71A600CA29AC /* MenuBarView.swift */; };
		156513CC2ECCC4E600CE2042 /* ActivityPreviewView.swift in Sources */ = {isa = PBXBuildFile; fileRef = 156513CB2ECCC4E600CE2042 /* ActivityPreviewView.swift */; };
		15BAD3532DD4D85E00F87173 /* PreferencesView.swift in Sources */ = {isa = PBXBuildFile; fileRef = 15BAD3522DD4D85A00F87173 /* PreferencesView.swift */; };
		15F138E22D5CA26D000DCD4E /* EncoreApp.swift in Sources */ = {isa = PBXBuildFile; fileRef = 15F138E12D5CA26D000DCD4E /* EncoreApp.swift */; };
		15FFE1452F599A3D007226DE /* ActivityPreviewDetailsButton.swift in Sources */ = {isa = PBXBuildFile; fileRef = 15FFE1442F599A33007226DE /* ActivityPreviewDetailsButton.swift */; };
		15FFE14B2F5AFA6A007226DE /* GeneralView.swift in Sources */ = {isa = PBXBuildFile; fileRef = 15FFE1492F5AFA6A007226DE /* GeneralView.swift */; };
		15FFE14E2F5AFB46007226DE /* ActivitiesView.swift in Sources */ = {isa = PBXBuildFile; fileRef = 15FFE14D2F5AFB46007226DE /* ActivitiesView.swift */; };
		15FFE1542F5B238C007226DE /* UniversalGlass in Frameworks */ = {isa = PBXBuildFile; productRef = 15FFE1532F5B238C007226DE /* UniversalGlass */; };
		15FFE1562F5B238C007226DE /* UniversalGlassBackports in Frameworks */ = {isa = PBXBuildFile; productRef = 15FFE1552F5B238C007226DE /* UniversalGlassBackports */; };
		15FFE1582F5B2E6B007226DE /* AboutView.swift in Sources */ = {isa = PBXBuildFile; fileRef = 15FFE1572F5B2E6B007226DE /* AboutView.swift */; };
		A801C6462ECD007C00244C4E /* NotoSansMono-VariableFont_wdth,wght.ttf in Resources */ = {isa = PBXBuildFile; fileRef = A801C6452ECD007C00244C4E /* NotoSansMono-VariableFont_wdth,wght.ttf */; };
		A801C6482ECD008400244C4E /* NotoSans-VariableFont_wdth,wght.ttf in Resources */ = {isa = PBXBuildFile; fileRef = A801C6472ECD008400244C4E /* NotoSans-VariableFont_wdth,wght.ttf */; };
		A801C64A2ECD010E00244C4E /* NotoSansMono-VariableFont_wdth,wght.ttf in CopyFiles */ = {isa = PBXBuildFile; fileRef = A801C6452ECD007C00244C4E /* NotoSansMono-VariableFont_wdth,wght.ttf */; };
		A801C64B2ECD010E00244C4E /* NotoSans-VariableFont_wdth,wght.ttf in CopyFiles */ = {isa = PBXBuildFile; fileRef = A801C6472ECD008400244C4E /* NotoSans-VariableFont_wdth,wght.ttf */; };
		A82E2FF62ED2883D007D2A0B /* Bundle+InfoDictionaryProperties.swift in Sources */ = {isa = PBXBuildFile; fileRef = A82E2FF52ED28823007D2A0B /* Bundle+InfoDictionaryProperties.swift */; };
		A864C83F2F5B7C1900D61F6A /* CreditsView.swift in Sources */ = {isa = PBXBuildFile; fileRef = A864C83E2F5B7C1900D61F6A /* CreditsView.swift */; };
		A87E7AF22CF48A6D007DE3F9 /* Localizable.xcstrings in Resources */ = {isa = PBXBuildFile; fileRef = A87E7AF12CF48A6D007DE3F9 /* Localizable.xcstrings */; };
		A8A3EA5B2DCE6F5E004CD6C6 /* MediaRemote.framework in Frameworks */ = {isa = PBXBuildFile; fileRef = A8A3EA5A2DCE6F5E004CD6C6 /* MediaRemote.framework */; };
		A8D21C382CDC081400806857 /* Assets.xcassets in Resources */ = {isa = PBXBuildFile; fileRef = A8D21C302CDC081400806857 /* Assets.xcassets */; };
		A8D4C1622DCE6A0200181CE3 /* EncoreCore in Frameworks */ = {isa = PBXBuildFile; productRef = A8D4C1612DCE6A0200181CE3 /* EncoreCore */; };
/* End PBXBuildFile section */

/* Begin PBXCopyFilesBuildPhase section */
		15CB68972DCBA14900E00387 /* CopyFiles */ = {
			isa = PBXCopyFilesBuildPhase;
			buildActionMask = 2147483647;
			dstPath = "";
			dstSubfolderSpec = 7;
			files = (
				150A51072ED45D6C004A0A78 /* media-remote.js in CopyFiles */,
			);
			runOnlyForDeploymentPostprocessing = 0;
		};
		A801C6492ECD00FE00244C4E /* CopyFiles */ = {
			isa = PBXCopyFilesBuildPhase;
			buildActionMask = 2147483647;
			dstPath = Fonts;
			dstSubfolderSpec = 7;
			files = (
				A801C64A2ECD010E00244C4E /* NotoSansMono-VariableFont_wdth,wght.ttf in CopyFiles */,
				A801C64B2ECD010E00244C4E /* NotoSans-VariableFont_wdth,wght.ttf in CopyFiles */,
			);
			runOnlyForDeploymentPostprocessing = 0;
		};
/* End PBXCopyFilesBuildPhase section */

/* Begin PBXFileReference section */
		1505DDB52F602AAC008566CB /* CreditLinkView.swift */ = {isa = PBXFileReference; lastKnownFileType = sourcecode.swift; path = CreditLinkView.swift; sourceTree = "<group>"; };
		1505DDBC2F617D6B008566CB /* MenuBarStandardView.swift */ = {isa = PBXFileReference; lastKnownFileType = sourcecode.swift; path = MenuBarStandardView.swift; sourceTree = "<group>"; };
		1505DDBE2F617DC7008566CB /* MenuBarActivityView.swift */ = {isa = PBXFileReference; lastKnownFileType = sourcecode.swift; path = MenuBarActivityView.swift; sourceTree = "<group>"; };
		1505DDC22F61AF5C008566CB /* GroupContainer.swift */ = {isa = PBXFileReference; lastKnownFileType = sourcecode.swift; path = GroupContainer.swift; sourceTree = "<group>"; };
		150A51062ED45D6C004A0A78 /* media-remote.js */ = {isa = PBXFileReference; lastKnownFileType = sourcecode.javascript; name = "media-remote.js"; path = "../../../Foundation/EncoreCore/Sources/EncoreCore/Provider/media-remote.js"; sourceTree = "<group>"; };
		150A510F2EDEF4E2004A0A78 /* String+LocalizedEnglishFallback.swift */ = {isa = PBXFileReference; lastKnownFileType = sourcecode.swift; path = "String+LocalizedEnglishFallback.swift"; sourceTree = "<group>"; };
		1515D7C22F20D7BE009109B5 /* ActivityPreviewDetailsView.swift */ = {isa = PBXFileReference; lastKnownFileType = sourcecode.swift; path = ActivityPreviewDetailsView.swift; sourceTree = "<group>"; };
		1515D7C42F20D86B009109B5 /* ActivityPreviewDetailsProgressView.swift */ = {isa = PBXFileReference; lastKnownFileType = sourcecode.swift; path = ActivityPreviewDetailsProgressView.swift; sourceTree = "<group>"; };
		1515D7CC2F20D89F009109B5 /* ActivityPreviewDetailsCoverView.swift */ = {isa = PBXFileReference; lastKnownFileType = sourcecode.swift; path = ActivityPreviewDetailsCoverView.swift; sourceTree = "<group>"; };
		1530A8E92ECF29AA002EAC39 /* View+ReverseMask.swift */ = {isa = PBXFileReference; lastKnownFileType = sourcecode.swift; path = "View+ReverseMask.swift"; sourceTree = "<group>"; };
		153493022F5F0F6D003B34EB /* Toggle+PreferencesStyle.swift */ = {isa = PBXFileReference; lastKnownFileType = sourcecode.swift; path = "Toggle+PreferencesStyle.swift"; sourceTree = "<group>"; };
		153493042F5F1285003B34EB /* Text+PreferencesDescriptionStyle.swift */ = {isa = PBXFileReference; lastKnownFileType = sourcecode.swift; path = "Text+PreferencesDescriptionStyle.swift"; sourceTree = "<group>"; };
		155878292DCB71A600CA29AC /* MenuBarView.swift */ = {isa = PBXFileReference; lastKnownFileType = sourcecode.swift; path = MenuBarView.swift; sourceTree = "<group>"; };
		156513CB2ECCC4E600CE2042 /* ActivityPreviewView.swift */ = {isa = PBXFileReference; lastKnownFileType = sourcecode.swift; path = ActivityPreviewView.swift; sourceTree = "<group>"; };
		15BAD3522DD4D85A00F87173 /* PreferencesView.swift */ = {isa = PBXFileReference; lastKnownFileType = sourcecode.swift; path = PreferencesView.swift; sourceTree = "<group>"; };
		15BAD35B2DD4E2DC00F87173 /* Encore-Info.plist */ = {isa = PBXFileReference; lastKnownFileType = text.plist; path = "Encore-Info.plist"; sourceTree = "<group>"; };
		15F138E12D5CA26D000DCD4E /* EncoreApp.swift */ = {isa = PBXFileReference; lastKnownFileType = sourcecode.swift; path = EncoreApp.swift; sourceTree = "<group>"; };
		15FFE1442F599A33007226DE /* ActivityPreviewDetailsButton.swift */ = {isa = PBXFileReference; lastKnownFileType = sourcecode.swift; path = ActivityPreviewDetailsButton.swift; sourceTree = "<group>"; };
		15FFE1492F5AFA6A007226DE /* GeneralView.swift */ = {isa = PBXFileReference; lastKnownFileType = sourcecode.swift; path = GeneralView.swift; sourceTree = "<group>"; };
		15FFE14D2F5AFB46007226DE /* ActivitiesView.swift */ = {isa = PBXFileReference; lastKnownFileType = sourcecode.swift; path = ActivitiesView.swift; sourceTree = "<group>"; };
		15FFE1572F5B2E6B007226DE /* AboutView.swift */ = {isa = PBXFileReference; lastKnownFileType = sourcecode.swift; path = AboutView.swift; sourceTree = "<group>"; };
		A801C6452ECD007C00244C4E /* NotoSansMono-VariableFont_wdth,wght.ttf */ = {isa = PBXFileReference; lastKnownFileType = file; path = "NotoSansMono-VariableFont_wdth,wght.ttf"; sourceTree = "<group>"; };
		A801C6472ECD008400244C4E /* NotoSans-VariableFont_wdth,wght.ttf */ = {isa = PBXFileReference; lastKnownFileType = file; path = "NotoSans-VariableFont_wdth,wght.ttf"; sourceTree = "<group>"; };
		A82E2FF52ED28823007D2A0B /* Bundle+InfoDictionaryProperties.swift */ = {isa = PBXFileReference; lastKnownFileType = sourcecode.swift; path = "Bundle+InfoDictionaryProperties.swift"; sourceTree = "<group>"; };
		A864C83E2F5B7C1900D61F6A /* CreditsView.swift */ = {isa = PBXFileReference; lastKnownFileType = sourcecode.swift; path = CreditsView.swift; sourceTree = "<group>"; };
		A87E7AF12CF48A6D007DE3F9 /* Localizable.xcstrings */ = {isa = PBXFileReference; lastKnownFileType = text.json.xcstrings; path = Localizable.xcstrings; sourceTree = "<group>"; };
		A8A3EA5A2DCE6F5E004CD6C6 /* MediaRemote.framework */ = {isa = PBXFileReference; lastKnownFileType = wrapper.framework; name = MediaRemote.framework; path = Platforms/MacOSX.platform/Developer/SDKs/MacOSX.sdk/System/Library/PrivateFrameworks/MediaRemote.framework; sourceTree = DEVELOPER_DIR; };
		A8D21C1E2CDC07C600806857 /* Encore.app */ = {isa = PBXFileReference; explicitFileType = wrapper.application; includeInIndex = 0; path = Encore.app; sourceTree = BUILT_PRODUCTS_DIR; };
		A8D21C302CDC081400806857 /* Assets.xcassets */ = {isa = PBXFileReference; lastKnownFileType = folder.assetcatalog; path = Assets.xcassets; sourceTree = "<group>"; };
		A8D21C322CDC081400806857 /* Encore.entitlements */ = {isa = PBXFileReference; lastKnownFileType = text.plist.entitlements; path = Encore.entitlements; sourceTree = "<group>"; };
/* End PBXFileReference section */

/* Begin PBXFrameworksBuildPhase section */
		A8D21C1B2CDC07C600806857 /* Frameworks */ = {
			isa = PBXFrameworksBuildPhase;
			buildActionMask = 2147483647;
			files = (
				155878252DCB6E3000CA29AC /* EncoreCore in Frameworks */,
				15FFE1562F5B238C007226DE /* UniversalGlassBackports in Frameworks */,
				1515D7D22F20DA50009109B5 /* Sparkle in Frameworks */,
				15FFE1542F5B238C007226DE /* UniversalGlass in Frameworks */,
				A8D4C1622DCE6A0200181CE3 /* EncoreCore in Frameworks */,
				A8A3EA5B2DCE6F5E004CD6C6 /* MediaRemote.framework in Frameworks */,
			);
			runOnlyForDeploymentPostprocessing = 0;
		};
/* End PBXFrameworksBuildPhase section */

/* Begin PBXGroup section */
		1505DDB92F617562008566CB /* Activities */ = {
			isa = PBXGroup;
			children = (
				1515D7C12F20D76C009109B5 /* Activity Preview */,
				15FFE14D2F5AFB46007226DE /* ActivitiesView.swift */,
			);
			path = Activities;
			sourceTree = "<group>";
		};
		1505DDBA2F617649008566CB /* About */ = {
			isa = PBXGroup;
			children = (
				15FFE1572F5B2E6B007226DE /* AboutView.swift */,
				1505DDB52F602AAC008566CB /* CreditLinkView.swift */,
				A864C83E2F5B7C1900D61F6A /* CreditsView.swift */,
			);
			path = About;
			sourceTree = "<group>";
		};
		1505DDBB2F617650008566CB /* General */ = {
			isa = PBXGroup;
			children = (
				15FFE1492F5AFA6A007226DE /* GeneralView.swift */,
			);
			path = General;
			sourceTree = "<group>";
		};
		150D7B5C2CE39EF700B4D432 /* Frameworks */ = {
			isa = PBXGroup;
			children = (
				A8A3EA5A2DCE6F5E004CD6C6 /* MediaRemote.framework */,
			);
			name = Frameworks;
			sourceTree = "<group>";
		};
		1515D7C12F20D76C009109B5 /* Activity Preview */ = {
			isa = PBXGroup;
			children = (
				156513CB2ECCC4E600CE2042 /* ActivityPreviewView.swift */,
				15FFE1442F599A33007226DE /* ActivityPreviewDetailsButton.swift */,
				1515D7CC2F20D89F009109B5 /* ActivityPreviewDetailsCoverView.swift */,
				1515D7C42F20D86B009109B5 /* ActivityPreviewDetailsProgressView.swift */,
				1515D7C22F20D7BE009109B5 /* ActivityPreviewDetailsView.swift */,
			);
			path = "Activity Preview";
			sourceTree = "<group>";
		};
		155878282DCB719E00CA29AC /* Menu Bar */ = {
			isa = PBXGroup;
			children = (
				155878292DCB71A600CA29AC /* MenuBarView.swift */,
				1505DDBE2F617DC7008566CB /* MenuBarActivityView.swift */,
				1505DDBC2F617D6B008566CB /* MenuBarStandardView.swift */,
			);
			path = "Menu Bar";
			sourceTree = "<group>";
		};
		1579B4832CE653F1008C2572 /* Extension */ = {
			isa = PBXGroup;
			children = (
				150A510F2EDEF4E2004A0A78 /* String+LocalizedEnglishFallback.swift */,
				A82E2FF52ED28823007D2A0B /* Bundle+InfoDictionaryProperties.swift */,
				1530A8E92ECF29AA002EAC39 /* View+ReverseMask.swift */,
				153493022F5F0F6D003B34EB /* Toggle+PreferencesStyle.swift */,
				153493042F5F1285003B34EB /* Text+PreferencesDescriptionStyle.swift */,
			);
			path = Extension;
			sourceTree = "<group>";
		};
		15BAD3512DD4D85500F87173 /* Preferences */ = {
			isa = PBXGroup;
			children = (
				1505DDB92F617562008566CB /* Activities */,
				1505DDBA2F617649008566CB /* About */,
				1505DDBB2F617650008566CB /* General */,
				15BAD3522DD4D85A00F87173 /* PreferencesView.swift */,
			);
			path = Preferences;
			sourceTree = "<group>";
		};
		A801C6442ECD007100244C4E /* Fonts */ = {
			isa = PBXGroup;
			children = (
				A801C6452ECD007C00244C4E /* NotoSansMono-VariableFont_wdth,wght.ttf */,
				A801C6472ECD008400244C4E /* NotoSans-VariableFont_wdth,wght.ttf */,
			);
			path = Fonts;
			sourceTree = "<group>";
		};
		A89150C82CDED17200F10FA3 /* Interface */ = {
			isa = PBXGroup;
			children = (
				A801C6442ECD007100244C4E /* Fonts */,
				155878282DCB719E00CA29AC /* Menu Bar */,
				15BAD3512DD4D85500F87173 /* Preferences */,
				A8D21C302CDC081400806857 /* Assets.xcassets */,
				1505DDC22F61AF5C008566CB /* GroupContainer.swift */,
				A87E7AF12CF48A6D007DE3F9 /* Localizable.xcstrings */,
			);
			path = Interface;
			sourceTree = "<group>";
		};
		A89150C92CDED19000F10FA3 /* Application */ = {
			isa = PBXGroup;
			children = (
				15F138E12D5CA26D000DCD4E /* EncoreApp.swift */,
				A8D21C322CDC081400806857 /* Encore.entitlements */,
				150A51062ED45D6C004A0A78 /* media-remote.js */,
			);
			path = Application;
			sourceTree = "<group>";
		};
		A8D21C152CDC07C600806857 = {
			isa = PBXGroup;
			children = (
				15BAD35B2DD4E2DC00F87173 /* Encore-Info.plist */,
				A89150C92CDED19000F10FA3 /* Application */,
				1579B4832CE653F1008C2572 /* Extension */,
				150D7B5C2CE39EF700B4D432 /* Frameworks */,
				A89150C82CDED17200F10FA3 /* Interface */,
				A8D21C1F2CDC07C600806857 /* Products */,
			);
			sourceTree = "<group>";
		};
		A8D21C1F2CDC07C600806857 /* Products */ = {
			isa = PBXGroup;
			children = (
				A8D21C1E2CDC07C600806857 /* Encore.app */,
			);
			name = Products;
			sourceTree = "<group>";
		};
/* End PBXGroup section */

/* Begin PBXNativeTarget section */
		A8D21C1D2CDC07C600806857 /* Encore */ = {
			isa = PBXNativeTarget;
			buildConfigurationList = A8D21C2D2CDC07C700806857 /* Build configuration list for PBXNativeTarget "Encore" */;
			buildPhases = (
				A8D21C1A2CDC07C600806857 /* Sources */,
				A8D21C1B2CDC07C600806857 /* Frameworks */,
				A8D21C1C2CDC07C600806857 /* Resources */,
				15CB68972DCBA14900E00387 /* CopyFiles */,
				A801C6492ECD00FE00244C4E /* CopyFiles */,
			);
			buildRules = (
			);
			dependencies = (
			);
			name = Encore;
			packageProductDependencies = (
				155878242DCB6E3000CA29AC /* EncoreCore */,
				A8D4C1612DCE6A0200181CE3 /* EncoreCore */,
				1515D7D12F20DA50009109B5 /* Sparkle */,
				15FFE1532F5B238C007226DE /* UniversalGlass */,
				15FFE1552F5B238C007226DE /* UniversalGlassBackports */,
			);
			productName = Encore;
			productReference = A8D21C1E2CDC07C600806857 /* Encore.app */;
			productType = "com.apple.product-type.application";
		};
/* End PBXNativeTarget section */

/* Begin PBXProject section */
		A8D21C162CDC07C600806857 /* Project object */ = {
			isa = PBXProject;
			attributes = {
				BuildIndependentTargetsInParallel = 1;
				LastSwiftUpdateCheck = 1610;
				LastUpgradeCheck = 2600;
				TargetAttributes = {
					A8D21C1D2CDC07C600806857 = {
						CreatedOnToolsVersion = 16.1;
						LastSwiftMigration = 1610;
					};
				};
			};
			buildConfigurationList = A8D21C192CDC07C600806857 /* Build configuration list for PBXProject "Encore" */;
			compatibilityVersion = "Xcode 14.0";
			developmentRegion = en;
			hasScannedForEncodings = 0;
			knownRegions = (
				en,
				Base,
				fr,
				de,
				lb,
			);
			mainGroup = A8D21C152CDC07C600806857;
			minimizedProjectReferenceProxies = 1;
			packageReferences = (
				A8D4C1602DCE6A0200181CE3 /* XCLocalSwiftPackageReference "../../Foundation/EncoreCore" */,
				1515D7D02F20DA50009109B5 /* XCRemoteSwiftPackageReference "Sparkle" */,
				15FFE1522F5B238C007226DE /* XCRemoteSwiftPackageReference "UniversalGlass" */,
			);
			productRefGroup = A8D21C1F2CDC07C600806857 /* Products */;
			projectDirPath = "";
			projectRoot = "";
			targets = (
				A8D21C1D2CDC07C600806857 /* Encore */,
			);
		};
/* End PBXProject section */

/* Begin PBXResourcesBuildPhase section */
		A8D21C1C2CDC07C600806857 /* Resources */ = {
			isa = PBXResourcesBuildPhase;
			buildActionMask = 2147483647;
			files = (
				A801C6462ECD007C00244C4E /* NotoSansMono-VariableFont_wdth,wght.ttf in Resources */,
				A87E7AF22CF48A6D007DE3F9 /* Localizable.xcstrings in Resources */,
				A801C6482ECD008400244C4E /* NotoSans-VariableFont_wdth,wght.ttf in Resources */,
				A8D21C382CDC081400806857 /* Assets.xcassets in Resources */,
			);
			runOnlyForDeploymentPostprocessing = 0;
		};
/* End PBXResourcesBuildPhase section */

/* Begin PBXSourcesBuildPhase section */
		A8D21C1A2CDC07C600806857 /* Sources */ = {
			isa = PBXSourcesBuildPhase;
			buildActionMask = 2147483647;
			files = (
				15FFE1582F5B2E6B007226DE /* AboutView.swift in Sources */,
				15BAD3532DD4D85E00F87173 /* PreferencesView.swift in Sources */,
				1515D7C32F20D7C5009109B5 /* ActivityPreviewDetailsView.swift in Sources */,
				1515D7CD2F20D89F009109B5 /* ActivityPreviewDetailsCoverView.swift in Sources */,
				153493052F5F1285003B34EB /* Text+PreferencesDescriptionStyle.swift in Sources */,
				1505DDBD2F617D6B008566CB /* MenuBarStandardView.swift in Sources */,
				1515D7C52F20D871009109B5 /* ActivityPreviewDetailsProgressView.swift in Sources */,
				1558782A2DCB71AB00CA29AC /* MenuBarView.swift in Sources */,
				1505DDC32F61AF5C008566CB /* GroupContainer.swift in Sources */,
				15FFE1452F599A3D007226DE /* ActivityPreviewDetailsButton.swift in Sources */,
				1505DDBF2F617DC7008566CB /* MenuBarActivityView.swift in Sources */,
				15F138E22D5CA26D000DCD4E /* EncoreApp.swift in Sources */,
				150A51102EDEF4F0004A0A78 /* String+LocalizedEnglishFallback.swift in Sources */,
				A82E2FF62ED2883D007D2A0B /* Bundle+InfoDictionaryProperties.swift in Sources */,
				153493032F5F0F6D003B34EB /* Toggle+PreferencesStyle.swift in Sources */,
				A864C83F2F5B7C1900D61F6A /* CreditsView.swift in Sources */,
				156513CC2ECCC4E600CE2042 /* ActivityPreviewView.swift in Sources */,
				15FFE14B2F5AFA6A007226DE /* GeneralView.swift in Sources */,
				1505DDB62F602AAC008566CB /* CreditLinkView.swift in Sources */,
				15FFE14E2F5AFB46007226DE /* ActivitiesView.swift in Sources */,
				1530A8EA2ECF29B1002EAC39 /* View+ReverseMask.swift in Sources */,
			);
			runOnlyForDeploymentPostprocessing = 0;
		};
/* End PBXSourcesBuildPhase section */

/* Begin XCBuildConfiguration section */
		A8D21C2B2CDC07C700806857 /* Debug */ = {
			isa = XCBuildConfiguration;
			buildSettings = {
				ALWAYS_SEARCH_USER_PATHS = NO;
				ASSETCATALOG_COMPILER_GENERATE_SWIFT_ASSET_SYMBOL_EXTENSIONS = YES;
				CLANG_ANALYZER_LOCALIZABILITY_NONLOCALIZED = YES;
				CLANG_ANALYZER_NONNULL = YES;
				CLANG_ANALYZER_NUMBER_OBJECT_CONVERSION = YES_AGGRESSIVE;
				CLANG_CXX_LANGUAGE_STANDARD = "gnu++20";
				CLANG_ENABLE_MODULES = YES;
				CLANG_ENABLE_OBJC_ARC = YES;
				CLANG_ENABLE_OBJC_WEAK = YES;
				CLANG_WARN_BLOCK_CAPTURE_AUTORELEASING = YES;
				CLANG_WARN_BOOL_CONVERSION = YES;
				CLANG_WARN_COMMA = YES;
				CLANG_WARN_CONSTANT_CONVERSION = YES;
				CLANG_WARN_DEPRECATED_OBJC_IMPLEMENTATIONS = YES;
				CLANG_WARN_DIRECT_OBJC_ISA_USAGE = YES_ERROR;
				CLANG_WARN_DOCUMENTATION_COMMENTS = YES;
				CLANG_WARN_EMPTY_BODY = YES;
				CLANG_WARN_ENUM_CONVERSION = YES;
				CLANG_WARN_INFINITE_RECURSION = YES;
				CLANG_WARN_INT_CONVERSION = YES;
				CLANG_WARN_NON_LITERAL_NULL_CONVERSION = YES;
				CLANG_WARN_OBJC_IMPLICIT_RETAIN_SELF = YES;
				CLANG_WARN_OBJC_LITERAL_CONVERSION = YES;
				CLANG_WARN_OBJC_ROOT_CLASS = YES_ERROR;
				CLANG_WARN_QUOTED_INCLUDE_IN_FRAMEWORK_HEADER = YES;
				CLANG_WARN_RANGE_LOOP_ANALYSIS = YES;
				CLANG_WARN_STRICT_PROTOTYPES = YES;
				CLANG_WARN_SUSPICIOUS_MOVE = YES;
				CLANG_WARN_UNGUARDED_AVAILABILITY = YES_AGGRESSIVE;
				CLANG_WARN_UNREACHABLE_CODE = YES;
				CLANG_WARN__DUPLICATE_METHOD_MATCH = YES;
				COPY_PHASE_STRIP = NO;
				DEAD_CODE_STRIPPING = YES;
				DEBUG_INFORMATION_FORMAT = dwarf;
				ENABLE_STRICT_OBJC_MSGSEND = YES;
				ENABLE_TESTABILITY = YES;
				ENABLE_USER_SCRIPT_SANDBOXING = YES;
				GCC_C_LANGUAGE_STANDARD = gnu17;
				GCC_DYNAMIC_NO_PIC = NO;
				GCC_NO_COMMON_BLOCKS = YES;
				GCC_OPTIMIZATION_LEVEL = 0;
				GCC_PREPROCESSOR_DEFINITIONS = (
					"DEBUG=1",
					"$(inherited)",
				);
				GCC_WARN_64_TO_32_BIT_CONVERSION = YES;
				GCC_WARN_ABOUT_RETURN_TYPE = YES_ERROR;
				GCC_WARN_UNDECLARED_SELECTOR = YES;
				GCC_WARN_UNINITIALIZED_AUTOS = YES_AGGRESSIVE;
				GCC_WARN_UNUSED_FUNCTION = YES;
				GCC_WARN_UNUSED_VARIABLE = YES;
				LOCALIZATION_PREFERS_STRING_CATALOGS = YES;
				MACOSX_DEPLOYMENT_TARGET = 15.1;
				MTL_ENABLE_DEBUG_INFO = INCLUDE_SOURCE;
				MTL_FAST_MATH = YES;
				ONLY_ACTIVE_ARCH = YES;
				SDKROOT = macosx;
				STRING_CATALOG_GENERATE_SYMBOLS = YES;
				SWIFT_ACTIVE_COMPILATION_CONDITIONS = "DEBUG $(inherited)";
				SWIFT_EMIT_LOC_STRINGS = YES;
				SWIFT_OPTIMIZATION_LEVEL = "-Onone";
			};
			name = Debug;
		};
		A8D21C2C2CDC07C700806857 /* Release */ = {
			isa = XCBuildConfiguration;
			buildSettings = {
				ALWAYS_SEARCH_USER_PATHS = NO;
				ASSETCATALOG_COMPILER_GENERATE_SWIFT_ASSET_SYMBOL_EXTENSIONS = YES;
				CLANG_ANALYZER_LOCALIZABILITY_NONLOCALIZED = YES;
				CLANG_ANALYZER_NONNULL = YES;
				CLANG_ANALYZER_NUMBER_OBJECT_CONVERSION = YES_AGGRESSIVE;
				CLANG_CXX_LANGUAGE_STANDARD = "gnu++20";
				CLANG_ENABLE_MODULES = YES;
				CLANG_ENABLE_OBJC_ARC = YES;
				CLANG_ENABLE_OBJC_WEAK = YES;
				CLANG_WARN_BLOCK_CAPTURE_AUTORELEASING = YES;
				CLANG_WARN_BOOL_CONVERSION = YES;
				CLANG_WARN_COMMA = YES;
				CLANG_WARN_CONSTANT_CONVERSION = YES;
				CLANG_WARN_DEPRECATED_OBJC_IMPLEMENTATIONS = YES;
				CLANG_WARN_DIRECT_OBJC_ISA_USAGE = YES_ERROR;
				CLANG_WARN_DOCUMENTATION_COMMENTS = YES;
				CLANG_WARN_EMPTY_BODY = YES;
				CLANG_WARN_ENUM_CONVERSION = YES;
				CLANG_WARN_INFINITE_RECURSION = YES;
				CLANG_WARN_INT_CONVERSION = YES;
				CLANG_WARN_NON_LITERAL_NULL_CONVERSION = YES;
				CLANG_WARN_OBJC_IMPLICIT_RETAIN_SELF = YES;
				CLANG_WARN_OBJC_LITERAL_CONVERSION = YES;
				CLANG_WARN_OBJC_ROOT_CLASS = YES_ERROR;
				CLANG_WARN_QUOTED_INCLUDE_IN_FRAMEWORK_HEADER = YES;
				CLANG_WARN_RANGE_LOOP_ANALYSIS = YES;
				CLANG_WARN_STRICT_PROTOTYPES = YES;
				CLANG_WARN_SUSPICIOUS_MOVE = YES;
				CLANG_WARN_UNGUARDED_AVAILABILITY = YES_AGGRESSIVE;
				CLANG_WARN_UNREACHABLE_CODE = YES;
				CLANG_WARN__DUPLICATE_METHOD_MATCH = YES;
				COPY_PHASE_STRIP = NO;
				DEAD_CODE_STRIPPING = YES;
				DEBUG_INFORMATION_FORMAT = "dwarf-with-dsym";
				ENABLE_NS_ASSERTIONS = NO;
				ENABLE_STRICT_OBJC_MSGSEND = YES;
				ENABLE_USER_SCRIPT_SANDBOXING = YES;
				GCC_C_LANGUAGE_STANDARD = gnu17;
				GCC_NO_COMMON_BLOCKS = YES;
				GCC_WARN_64_TO_32_BIT_CONVERSION = YES;
				GCC_WARN_ABOUT_RETURN_TYPE = YES_ERROR;
				GCC_WARN_UNDECLARED_SELECTOR = YES;
				GCC_WARN_UNINITIALIZED_AUTOS = YES_AGGRESSIVE;
				GCC_WARN_UNUSED_FUNCTION = YES;
				GCC_WARN_UNUSED_VARIABLE = YES;
				LOCALIZATION_PREFERS_STRING_CATALOGS = YES;
				MACOSX_DEPLOYMENT_TARGET = 15.1;
				MTL_ENABLE_DEBUG_INFO = NO;
				MTL_FAST_MATH = YES;
				SDKROOT = macosx;
				STRING_CATALOG_GENERATE_SYMBOLS = YES;
				SWIFT_COMPILATION_MODE = wholemodule;
				SWIFT_EMIT_LOC_STRINGS = YES;
			};
			name = Release;
		};
		A8D21C2E2CDC07C700806857 /* Debug */ = {
			isa = XCBuildConfiguration;
			buildSettings = {
				ASSETCATALOG_COMPILER_APPICON_NAME = AppIcon;
				ASSETCATALOG_COMPILER_GLOBAL_ACCENT_COLOR_NAME = AccentColor;
				CLANG_ENABLE_MODULES = YES;
				CODE_SIGN_ENTITLEMENTS = Application/Encore.entitlements;
				CODE_SIGN_STYLE = Automatic;
				COMBINE_HIDPI_IMAGES = YES;
				CURRENT_PROJECT_VERSION = 1;
				DEAD_CODE_STRIPPING = YES;
				ENABLE_PREVIEWS = YES;
				FRAMEWORK_SEARCH_PATHS = "$(DEVELOPER_DIR)/Platforms/MacOSX.platform/Developer/SDKs/MacOSX.sdk/System/Library/PrivateFrameworks";
				GENERATE_INFOPLIST_FILE = YES;
				HEADER_SEARCH_PATHS = "";
				INFOPLIST_FILE = "Encore-Info.plist";
				INFOPLIST_KEY_CFBundleDisplayName = "";
				INFOPLIST_KEY_LSApplicationCategoryType = "public.app-category.utilities";
				INFOPLIST_KEY_LSUIElement = YES;
				LD_RUNPATH_SEARCH_PATHS = (
					"$(inherited)",
					"@executable_path/../Frameworks",
				);
				MACOSX_DEPLOYMENT_TARGET = 14.0;
				MARKETING_VERSION = 1.0;
				PRODUCT_BUNDLE_IDENTIFIER = lu.alexandra.Encore;
				PRODUCT_NAME = "$(TARGET_NAME)";
				SWIFT_EMIT_LOC_STRINGS = YES;
				SWIFT_OPTIMIZATION_LEVEL = "-Onone";
				SWIFT_VERSION = 6.0;
			};
			name = Debug;
		};
		A8D21C2F2CDC07C700806857 /* Release */ = {
			isa = XCBuildConfiguration;
			buildSettings = {
				ASSETCATALOG_COMPILER_APPICON_NAME = AppIcon;
				ASSETCATALOG_COMPILER_GLOBAL_ACCENT_COLOR_NAME = AccentColor;
				CLANG_ENABLE_MODULES = YES;
				CODE_SIGN_ENTITLEMENTS = Application/Encore.entitlements;
				CODE_SIGN_STYLE = Automatic;
				COMBINE_HIDPI_IMAGES = YES;
				CURRENT_PROJECT_VERSION = 1;
				DEAD_CODE_STRIPPING = YES;
				ENABLE_PREVIEWS = YES;
				FRAMEWORK_SEARCH_PATHS = "$(DEVELOPER_DIR)/Platforms/MacOSX.platform/Developer/SDKs/MacOSX.sdk/System/Library/PrivateFrameworks";
				GENERATE_INFOPLIST_FILE = YES;
				HEADER_SEARCH_PATHS = "";
				INFOPLIST_FILE = "Encore-Info.plist";
				INFOPLIST_KEY_CFBundleDisplayName = "";
				INFOPLIST_KEY_LSApplicationCategoryType = "public.app-category.utilities";
				INFOPLIST_KEY_LSUIElement = YES;
				LD_RUNPATH_SEARCH_PATHS = (
					"$(inherited)",
					"@executable_path/../Frameworks",
				);
				MACOSX_DEPLOYMENT_TARGET = 14.0;
				MARKETING_VERSION = 1.0;
				PRODUCT_BUNDLE_IDENTIFIER = lu.alexandra.Encore;
				PRODUCT_NAME = "$(TARGET_NAME)";
				SWIFT_EMIT_LOC_STRINGS = YES;
				SWIFT_VERSION = 6.0;
			};
			name = Release;
		};
/* End XCBuildConfiguration section */

/* Begin XCConfigurationList section */
		A8D21C192CDC07C600806857 /* Build configuration list for PBXProject "Encore" */ = {
			isa = XCConfigurationList;
			buildConfigurations = (
				A8D21C2B2CDC07C700806857 /* Debug */,
				A8D21C2C2CDC07C700806857 /* Release */,
			);
			defaultConfigurationIsVisible = 0;
			defaultConfigurationName = Release;
		};
		A8D21C2D2CDC07C700806857 /* Build configuration list for PBXNativeTarget "Encore" */ = {
			isa = XCConfigurationList;
			buildConfigurations = (
				A8D21C2E2CDC07C700806857 /* Debug */,
				A8D21C2F2CDC07C700806857 /* Release */,
			);
			defaultConfigurationIsVisible = 0;
			defaultConfigurationName = Release;
		};
/* End XCConfigurationList section */

/* Begin XCLocalSwiftPackageReference section */
		A8D4C1602DCE6A0200181CE3 /* XCLocalSwiftPackageReference "../../Foundation/EncoreCore" */ = {
			isa = XCLocalSwiftPackageReference;
			relativePath = ../../Foundation/EncoreCore;
		};
/* End XCLocalSwiftPackageReference section */

/* Begin XCRemoteSwiftPackageReference section */
		1515D7D02F20DA50009109B5 /* XCRemoteSwiftPackageReference "Sparkle" */ = {
			isa = XCRemoteSwiftPackageReference;
			repositoryURL = "https://github.com/sparkle-project/Sparkle";
			requirement = {
				kind = upToNextMajorVersion;
				minimumVersion = 2.8.1;
			};
		};
		15FFE1522F5B238C007226DE /* XCRemoteSwiftPackageReference "UniversalGlass" */ = {
			isa = XCRemoteSwiftPackageReference;
			repositoryURL = "https://github.com/Aeastr/UniversalGlass";
			requirement = {
				kind = upToNextMajorVersion;
				minimumVersion = 1.1.0;
			};
		};
/* End XCRemoteSwiftPackageReference section */

/* Begin XCSwiftPackageProductDependency section */
		1515D7D12F20DA50009109B5 /* Sparkle */ = {
			isa = XCSwiftPackageProductDependency;
			package = 1515D7D02F20DA50009109B5 /* XCRemoteSwiftPackageReference "Sparkle" */;
			productName = Sparkle;
		};
		155878242DCB6E3000CA29AC /* EncoreCore */ = {
			isa = XCSwiftPackageProductDependency;
			productName = EncoreCore;
		};
		15FFE1532F5B238C007226DE /* UniversalGlass */ = {
			isa = XCSwiftPackageProductDependency;
			package = 15FFE1522F5B238C007226DE /* XCRemoteSwiftPackageReference "UniversalGlass" */;
			productName = UniversalGlass;
		};
		15FFE1552F5B238C007226DE /* UniversalGlassBackports */ = {
			isa = XCSwiftPackageProductDependency;
			package = 15FFE1522F5B238C007226DE /* XCRemoteSwiftPackageReference "UniversalGlass" */;
			productName = UniversalGlassBackports;
		};
		A8D4C1612DCE6A0200181CE3 /* EncoreCore */ = {
			isa = XCSwiftPackageProductDependency;
			productName = EncoreCore;
		};
/* End XCSwiftPackageProductDependency section */
	};
	rootObject = A8D21C162CDC07C600806857 /* Project object */;
}
